
Microsoft Visual Studio Solution File, Format Version 12.00
# Visual Studio 15
VisualStudioVersion = 15.0.27130.2010
MinimumVisualStudioVersion = 10.0.40219.1
Project("{FAE04EC0-301F-11D3-BF4B-00C04F79EFBC}") = "HelloWorld", "HelloWorld\HelloWorld.csproj", "{C2BB37BB-D4A6-47AA-A0DC-2F21D6124CD1}"
EndProject
Project("{FAE04EC0-301F-11D3-BF4B-00C04F79EFBC}") = "Calculation", "Calculation\Calculation.csproj", "{529A2CA5-9B85-47F2-8214-8811B1E170C6}"
EndProject
Project("{FAE04EC0-301F-11D3-BF4B-00C04F79EFBC}") = "SmaterCalculator", "SmaterCalculator\SmaterCalculator.csproj", "{935D84B9-5065-47FA-BF22-8983FF67606F}"
EndProject
Project("{FAE04EC0-301F-11D3-BF4B-00C04F79EFBC}") = "Bylist", "Bylist\Bylist.csproj", "{30453CF1-F37C-4C01-B690-5D5EF0CE9A57}"
EndProject
Project("{FAE04EC0-301F-11D3-BF4B-00C04F79EFBC}") = "tests22", "tests22\tests22.csproj", "{027E152A-3FCF-4B97-A765-2C7D22E8644E}"
EndProject
Global
	GlobalSection(SolutionConfigurationPlatforms) = preSolution
		Debug|Any CPU = Debug|Any CPU
		Release|Any CPU = Release|Any CPU
	EndGlobalSection
	GlobalSection(ProjectConfigurationPlatforms) = postSolution
		{C2BB37BB-D4A6-47AA-A0DC-2F21D6124CD1}.Debug|Any CPU.ActiveCfg = Debug|Any CPU
		{C2BB37BB-D4A6-47AA-A0DC-2F21D6124CD1}.Debug|Any CPU.Build.0 = Debug|Any CPU
		{C2BB37BB-D4A6-47AA-A0DC-2F21D6124CD1}.Release|Any CPU.ActiveCfg = Release|Any CPU
		{C2BB37BB-D4A6-47AA-A0DC-2F21D6124CD1}.Release|Any CPU.Build.0 = Release|Any CPU
		{529A2CA5-9B85-47F2-8214-8811B1E170C6}.Debug|Any CPU.ActiveCfg = Debug|Any CPU
		{529A2CA5-9B85-47F2-8214-8811B1E170C6}.Debug|Any CPU.Build.0 = Debug|Any CPU
		{529A2CA5-9B85-47F2-8214-8811B1E170C6}.Release|Any CPU.ActiveCfg = Release|Any CPU
		{529A2CA5-9B85-47F2-8214-8811B1E170C6}.Release|Any CPU.Build.0 = Release|Any CPU
		{935D84B9-5065-47FA-BF22-8983FF67606F}.Debug|Any CPU.ActiveCfg = Debug|Any CPU
		{935D84B9-5065-47FA-BF22-8983FF67606F}.Debug|Any CPU.Build.0 = Debug|Any CPU
		{935D84B9-5065-47FA-BF22-8983FF67606F}.Release|Any CPU.ActiveCfg = Release|Any CPU
		{935D84B9-5065-47FA-BF22-8983FF67606F}.Release|Any CPU.Build.0 = Release|Any CPU
		{30453CF1-F37C-4C01-B690-5D5EF0CE9A57}.Debug|Any CPU.ActiveCfg = Debug|Any CPU
		{30453CF1-F37C-4C01-B690-5D5EF0CE9A57}.Debug|Any CPU.Build.0 = Debug|Any CPU
		{30453CF1-F37C-4C01-B690-5D5EF0CE9A57}.Release|Any CPU.ActiveCfg = Release|Any CPU
		{30453CF1-F37C-4C01-B690-5D5EF0CE9A57}.Release|Any CPU.Build.0 = Release|Any CPU
		{027E152A-3FCF-4B97-A765-2C7D22E8644E}.Debug|Any CPU.ActiveCfg = Debug|Any CPU
		{027E152A-3FCF-4B97-A765-2C7D22E8644E}.Debug|Any CPU.Build.0 = Debug|Any CPU
		{027E152A-3FCF-4B97-A765-2C7D22E8644E}.Release|Any CPU.ActiveCfg = Release|Any CPU
		{027E152A-3FCF-4B97-A765-2C7D22E8644E}.Release|Any CPU.Build.0 = Release|Any CPU
	EndGlobalSection
	GlobalSection(SolutionProperties) = preSolution
		HideSolutionNode = FALSE
	EndGlobalSection
	GlobalSection(ExtensibilityGlobals) = postSolution
		SolutionGuid = {D00DA76C-4366-4611-9293-44A944694D39}
	EndGlobalSection
EndGlobal
